
Microsoft Visual Studio Solution File, Format Version 12.00
# Visual Studio Version 16
VisualStudioVersion = 16.0.33927.289
MinimumVisualStudioVersion = 10.0.40219.1
Project("{2150E333-8FDC-42A3-9474-1A3956D46DE8}") = "Task0", "Task0", "{27F3570D-4991-477A-80C1-3F929345DB0F}"
EndProject
Project("{FAE04EC0-301F-11D3-BF4B-00C04F79EFBC}") = "Tyuiu.MarinenkovaKD.Sprint2.Task0.V11", "Tyuiu.MarinenkovaKD.Sprint2.Task0.V11\Tyuiu.MarinenkovaKD.Sprint2.Task0.V11.csproj", "{9B9A7993-E86E-4432-90C2-2D67F6BFEE81}"
EndProject
Project("{FAE04EC0-301F-11D3-BF4B-00C04F79EFBC}") = "Tyuiu.MarinenkovaKD.Sprint2.Task0.V11.Lib", "Tyuiu.MarinenkovaKD.Sprint2.Task0.V11.Lib\Tyuiu.MarinenkovaKD.Sprint2.Task0.V11.Lib.csproj", "{1C02570D-BA3B-4BED-8F0C-9F8CE8E00ED9}"
EndProject
Project("{FAE04EC0-301F-11D3-BF4B-00C04F79EFBC}") = "Tyuiu.MarinenkovaKD.Sprint2.Task0.V11.Test", "Tyuiu.MarinenkovaKD.Sprint2.Task0.V11.Test\Tyuiu.MarinenkovaKD.Sprint2.Task0.V11.Test.csproj", "{8C88F6F1-CDD0-464E-ACA7-0A4319E74624}"
EndProject
Project("{2150E333-8FDC-42A3-9474-1A3956D46DE8}") = "Task1", "Task1", "{87E64EE4-8FCB-41EE-923A-817BCF945FA1}"
EndProject
Project("{FAE04EC0-301F-11D3-BF4B-00C04F79EFBC}") = "Tyuiu.MarinenkovaKD.Sprint2.Task1.V9", "Tyuiu.MarinenkovaKD.Sprint2.Task1.V9\Tyuiu.MarinenkovaKD.Sprint2.Task1.V9.csproj", "{C2FE3B2D-2B99-44D1-A813-23F5EFBE0287}"
EndProject
Project("{FAE04EC0-301F-11D3-BF4B-00C04F79EFBC}") = "Tyuiu.MarinenkovaKD.Sprint2.Task1.V9.Lib", "Tyuiu.MarinenkovaKD.Sprint2.Task1.V9.Lib\Tyuiu.MarinenkovaKD.Sprint2.Task1.V9.Lib.csproj", "{A1BF0BC7-46AE-42BD-9AC5-A7EFD300ACD8}"
EndProject
Project("{FAE04EC0-301F-11D3-BF4B-00C04F79EFBC}") = "Tyuiu.MarinenkovaKD.Sprint2.Task1.V9.Test", "Tyuiu.MarinenkovaKD.Sprint2.Task1.V9.Test\Tyuiu.MarinenkovaKD.Sprint2.Task1.V9.Test.csproj", "{B6FBDB94-767E-4D91-BC1F-92B91C219448}"
EndProject
Project("{2150E333-8FDC-42A3-9474-1A3956D46DE8}") = "Task2", "Task2", "{6F97C62F-FBAD-4529-B93C-4468C94C6776}"
EndProject
Project("{FAE04EC0-301F-11D3-BF4B-00C04F79EFBC}") = "Tyuiu.MarinenkovaKD.Sprint2.Task2.V17", "Tyuiu.MarinenkovaKD.Sprint2.Task2.V17\Tyuiu.MarinenkovaKD.Sprint2.Task2.V17.csproj", "{E0671C7E-CDB2-479F-9834-1B1CFABA5E02}"
EndProject
Project("{FAE04EC0-301F-11D3-BF4B-00C04F79EFBC}") = "Tyuiu.MarinenkovaKD.Sprint2.Task2.V17.Lib", "Tyuiu.MarinenkovaKD.Sprint2.Task2.V17.Lib\Tyuiu.MarinenkovaKD.Sprint2.Task2.V17.Lib.csproj", "{2E0A6B5C-5E89-45C1-8793-D2CA88BB0110}"
EndProject
Project("{FAE04EC0-301F-11D3-BF4B-00C04F79EFBC}") = "Tyuiu.MarinenkovaKD.Sprint2.Task2.V17.Test", "Tyuiu.MarinenkovaKD.Sprint2.Task2.V17.Test\Tyuiu.MarinenkovaKD.Sprint2.Task2.V17.Test.csproj", "{5E525385-6581-456C-84EC-A48B4B169778}"
EndProject
Project("{2150E333-8FDC-42A3-9474-1A3956D46DE8}") = "Task3", "Task3", "{3D902F5B-1AE4-47A1-9749-1735E9311611}"
EndProject
Project("{FAE04EC0-301F-11D3-BF4B-00C04F79EFBC}") = "Tyuiu.MarinenkovaKD.Sprint2.Task3.V4", "Tyuiu.MarinenkovaKD.Sprint2.Task3.V4\Tyuiu.MarinenkovaKD.Sprint2.Task3.V4.csproj", "{796FCFBF-6AB5-4464-BDDC-CDC96F04AFAC}"
EndProject
Project("{FAE04EC0-301F-11D3-BF4B-00C04F79EFBC}") = "Tyuiu.MarinenkovaKD.Sprint2.Task3.V4.Lib", "Tyuiu.MarinenkovaKD.Sprint2.Task3.V4.Lib\Tyuiu.MarinenkovaKD.Sprint2.Task3.V4.Lib.csproj", "{ED261656-7C3D-42F3-B559-E464D810817B}"
EndProject
Project("{FAE04EC0-301F-11D3-BF4B-00C04F79EFBC}") = "Tyuiu.MarinenkovaKD.Sprint2.Task3.V4.Test", "Tyuiu.MarinenkovaKD.Sprint2.Task3.V4.Test\Tyuiu.MarinenkovaKD.Sprint2.Task3.V4.Test.csproj", "{0066D63F-728E-4A30-926E-7D8BB6F93803}"
EndProject
Project("{2150E333-8FDC-42A3-9474-1A3956D46DE8}") = "Task4", "Task4", "{33971A67-1694-4E06-A854-1DD2A7C6FE72}"
EndProject
Project("{FAE04EC0-301F-11D3-BF4B-00C04F79EFBC}") = "Tyuiu.MarinenkovaKD.Sprint2.Task4.V10", "Tyuiu.MarinenkovaKD.Sprint2.Task4.V10\Tyuiu.MarinenkovaKD.Sprint2.Task4.V10.csproj", "{6046BA9B-18B3-41F7-BADD-FDC3A0270A95}"
EndProject
Project("{FAE04EC0-301F-11D3-BF4B-00C04F79EFBC}") = "Tyuiu.MarinenkovaKD.Sprint2.Task4.V10.Lib", "Tyuiu.MarinenkovaKD.Sprint2.Task4.V10.Lib\Tyuiu.MarinenkovaKD.Sprint2.Task4.V10.Lib.csproj", "{1C245FA3-5BAC-4A41-B7AD-F33B1B953861}"
EndProject
Project("{FAE04EC0-301F-11D3-BF4B-00C04F79EFBC}") = "Tyuiu.MarinenkovaKD.Sprint2.Task4.V10.Test", "Tyuiu.MarinenkovaKD.Sprint2.Task4.V10.Test\Tyuiu.MarinenkovaKD.Sprint2.Task4.V10.Test.csproj", "{0F8B3D46-A134-485F-86C5-CC651D54A79A}"
EndProject
Project("{2150E333-8FDC-42A3-9474-1A3956D46DE8}") = "Task5", "Task5", "{F4F08E56-6ED9-4ADE-AC58-5C8F1CAFB1A0}"
EndProject
Project("{FAE04EC0-301F-11D3-BF4B-00C04F79EFBC}") = "Tyuiu.MarinenkovaKD.Sprint2.Task5.V2", "Tyuiu.MarinenkovaKD.Sprint2.Task5.V2\Tyuiu.MarinenkovaKD.Sprint2.Task5.V2.csproj", "{5D463BA4-4294-45CE-AEE2-DCEF014BD9BC}"
EndProject
Project("{FAE04EC0-301F-11D3-BF4B-00C04F79EFBC}") = "Tyuiu.MarinenkovaKD.Sprint2.Task5.V2.Lib", "Tyuiu.MarinenkovaKD.Sprint2.Task5.V2.Lib\Tyuiu.MarinenkovaKD.Sprint2.Task5.V2.Lib.csproj", "{38426EB2-D6D7-469A-B105-CE40BF9A421C}"
EndProject
Project("{FAE04EC0-301F-11D3-BF4B-00C04F79EFBC}") = "Tyuiu.MarinenkovaKD.Sprint2.Task5.V2.Test", "Tyuiu.MarinenkovaKD.Sprint2.Task5.V2.Test\Tyuiu.MarinenkovaKD.Sprint2.Task5.V2.Test.csproj", "{B5A54B87-0801-4302-8668-E7AFA9D6CA2B}"
EndProject
Project("{2150E333-8FDC-42A3-9474-1A3956D46DE8}") = "Task6", "Task6", "{554497D4-7BDF-4959-90CD-5AF9F5F90AFA}"
EndProject
Project("{FAE04EC0-301F-11D3-BF4B-00C04F79EFBC}") = "Tyuiu.MarinenkovaKD.Sprint2.Task6.V3", "Tyuiu.MarinenkovaKD.Sprint2.Task6.V3\Tyuiu.MarinenkovaKD.Sprint2.Task6.V3.csproj", "{8F699816-F1EF-411F-AEDF-0894D4362A93}"
EndProject
Project("{FAE04EC0-301F-11D3-BF4B-00C04F79EFBC}") = "Tyuiu.MarinenkovaKD.Sprint2.Task6.V3.Lib", "Tyuiu.MarinenkovaKD.Sprint2.Task6.V3.Lib\Tyuiu.MarinenkovaKD.Sprint2.Task6.V3.Lib.csproj", "{D31AB9AF-B181-4E62-AEBF-7ABA3D51CFB4}"
EndProject
Project("{FAE04EC0-301F-11D3-BF4B-00C04F79EFBC}") = "Tyuiu.MarinenkovaKD.Sprint2.Task6.V3.Test", "Tyuiu.MarinenkovaKD.Sprint2.Task6.V3.Test\Tyuiu.MarinenkovaKD.Sprint2.Task6.V3.Test.csproj", "{87728036-02C8-4B00-A505-C4D12643E94B}"
EndProject
Global
	GlobalSection(SolutionConfigurationPlatforms) = preSolution
		Debug|Any CPU = Debug|Any CPU
		Release|Any CPU = Release|Any CPU
	EndGlobalSection
	GlobalSection(ProjectConfigurationPlatforms) = postSolution
		{9B9A7993-E86E-4432-90C2-2D67F6BFEE81}.Debug|Any CPU.ActiveCfg = Debug|Any CPU
		{9B9A7993-E86E-4432-90C2-2D67F6BFEE81}.Debug|Any CPU.Build.0 = Debug|Any CPU
		{9B9A7993-E86E-4432-90C2-2D67F6BFEE81}.Release|Any CPU.ActiveCfg = Release|Any CPU
		{9B9A7993-E86E-4432-90C2-2D67F6BFEE81}.Release|Any CPU.Build.0 = Release|Any CPU
		{1C02570D-BA3B-4BED-8F0C-9F8CE8E00ED9}.Debug|Any CPU.ActiveCfg = Debug|Any CPU
		{1C02570D-BA3B-4BED-8F0C-9F8CE8E00ED9}.Debug|Any CPU.Build.0 = Debug|Any CPU
		{1C02570D-BA3B-4BED-8F0C-9F8CE8E00ED9}.Release|Any CPU.ActiveCfg = Release|Any CPU
		{1C02570D-BA3B-4BED-8F0C-9F8CE8E00ED9}.Release|Any CPU.Build.0 = Release|Any CPU
		{8C88F6F1-CDD0-464E-ACA7-0A4319E74624}.Debug|Any CPU.ActiveCfg = Debug|Any CPU
		{8C88F6F1-CDD0-464E-ACA7-0A4319E74624}.Debug|Any CPU.Build.0 = Debug|Any CPU
		{8C88F6F1-CDD0-464E-ACA7-0A4319E74624}.Release|Any CPU.ActiveCfg = Release|Any CPU
		{8C88F6F1-CDD0-464E-ACA7-0A4319E74624}.Release|Any CPU.Build.0 = Release|Any CPU
		{C2FE3B2D-2B99-44D1-A813-23F5EFBE0287}.Debug|Any CPU.ActiveCfg = Debug|Any CPU
		{C2FE3B2D-2B99-44D1-A813-23F5EFBE0287}.Debug|Any CPU.Build.0 = Debug|Any CPU
		{C2FE3B2D-2B99-44D1-A813-23F5EFBE0287}.Release|Any CPU.ActiveCfg = Release|Any CPU
		{C2FE3B2D-2B99-44D1-A813-23F5EFBE0287}.Release|Any CPU.Build.0 = Release|Any CPU
		{A1BF0BC7-46AE-42BD-9AC5-A7EFD300ACD8}.Debug|Any CPU.ActiveCfg = Debug|Any CPU
		{A1BF0BC7-46AE-42BD-9AC5-A7EFD300ACD8}.Debug|Any CPU.Build.0 = Debug|Any CPU
		{A1BF0BC7-46AE-42BD-9AC5-A7EFD300ACD8}.Release|Any CPU.ActiveCfg = Release|Any CPU
		{A1BF0BC7-46AE-42BD-9AC5-A7EFD300ACD8}.Release|Any CPU.Build.0 = Release|Any CPU
		{B6FBDB94-767E-4D91-BC1F-92B91C219448}.Debug|Any CPU.ActiveCfg = Debug|Any CPU
		{B6FBDB94-767E-4D91-BC1F-92B91C219448}.Debug|Any CPU.Build.0 = Debug|Any CPU
		{B6FBDB94-767E-4D91-BC1F-92B91C219448}.Release|Any CPU.ActiveCfg = Release|Any CPU
		{B6FBDB94-767E-4D91-BC1F-92B91C219448}.Release|Any CPU.Build.0 = Release|Any CPU
		{E0671C7E-CDB2-479F-9834-1B1CFABA5E02}.Debug|Any CPU.ActiveCfg = Debug|Any CPU
		{E0671C7E-CDB2-479F-9834-1B1CFABA5E02}.Debug|Any CPU.Build.0 = Debug|Any CPU
		{E0671C7E-CDB2-479F-9834-1B1CFABA5E02}.Release|Any CPU.ActiveCfg = Release|Any CPU
		{E0671C7E-CDB2-479F-9834-1B1CFABA5E02}.Release|Any CPU.Build.0 = Release|Any CPU
		{2E0A6B5C-5E89-45C1-8793-D2CA88BB0110}.Debug|Any CPU.ActiveCfg = Debug|Any CPU
		{2E0A6B5C-5E89-45C1-8793-D2CA88BB0110}.Debug|Any CPU.Build.0 = Debug|Any CPU
		{2E0A6B5C-5E89-45C1-8793-D2CA88BB0110}.Release|Any CPU.ActiveCfg = Release|Any CPU
		{2E0A6B5C-5E89-45C1-8793-D2CA88BB0110}.Release|Any CPU.Build.0 = Release|Any CPU
		{5E525385-6581-456C-84EC-A48B4B169778}.Debug|Any CPU.ActiveCfg = Debug|Any CPU
		{5E525385-6581-456C-84EC-A48B4B169778}.Debug|Any CPU.Build.0 = Debug|Any CPU
		{5E525385-6581-456C-84EC-A48B4B169778}.Release|Any CPU.ActiveCfg = Release|Any CPU
		{5E525385-6581-456C-84EC-A48B4B169778}.Release|Any CPU.Build.0 = Release|Any CPU
		{796FCFBF-6AB5-4464-BDDC-CDC96F04AFAC}.Debug|Any CPU.ActiveCfg = Debug|Any CPU
		{796FCFBF-6AB5-4464-BDDC-CDC96F04AFAC}.Debug|Any CPU.Build.0 = Debug|Any CPU
		{796FCFBF-6AB5-4464-BDDC-CDC96F04AFAC}.Release|Any CPU.ActiveCfg = Release|Any CPU
		{796FCFBF-6AB5-4464-BDDC-CDC96F04AFAC}.Release|Any CPU.Build.0 = Release|Any CPU
		{ED261656-7C3D-42F3-B559-E464D810817B}.Debug|Any CPU.ActiveCfg = Debug|Any CPU
		{ED261656-7C3D-42F3-B559-E464D810817B}.Debug|Any CPU.Build.0 = Debug|Any CPU
		{ED261656-7C3D-42F3-B559-E464D810817B}.Release|Any CPU.ActiveCfg = Release|Any CPU
		{ED261656-7C3D-42F3-B559-E464D810817B}.Release|Any CPU.Build.0 = Release|Any CPU
		{0066D63F-728E-4A30-926E-7D8BB6F93803}.Debug|Any CPU.ActiveCfg = Debug|Any CPU
		{0066D63F-728E-4A30-926E-7D8BB6F93803}.Debug|Any CPU.Build.0 = Debug|Any CPU
		{0066D63F-728E-4A30-926E-7D8BB6F93803}.Release|Any CPU.ActiveCfg = Release|Any CPU
		{0066D63F-728E-4A30-926E-7D8BB6F93803}.Release|Any CPU.Build.0 = Release|Any CPU
		{6046BA9B-18B3-41F7-BADD-FDC3A0270A95}.Debug|Any CPU.ActiveCfg = Debug|Any CPU
		{6046BA9B-18B3-41F7-BADD-FDC3A0270A95}.Debug|Any CPU.Build.0 = Debug|Any CPU
		{6046BA9B-18B3-41F7-BADD-FDC3A0270A95}.Release|Any CPU.ActiveCfg = Release|Any CPU
		{6046BA9B-18B3-41F7-BADD-FDC3A0270A95}.Release|Any CPU.Build.0 = Release|Any CPU
		{1C245FA3-5BAC-4A41-B7AD-F33B1B953861}.Debug|Any CPU.ActiveCfg = Debug|Any CPU
		{1C245FA3-5BAC-4A41-B7AD-F33B1B953861}.Debug|Any CPU.Build.0 = Debug|Any CPU
		{1C245FA3-5BAC-4A41-B7AD-F33B1B953861}.Release|Any CPU.ActiveCfg = Release|Any CPU
		{1C245FA3-5BAC-4A41-B7AD-F33B1B953861}.Release|Any CPU.Build.0 = Release|Any CPU
		{0F8B3D46-A134-485F-86C5-CC651D54A79A}.Debug|Any CPU.ActiveCfg = Debug|Any CPU
		{0F8B3D46-A134-485F-86C5-CC651D54A79A}.Debug|Any CPU.Build.0 = Debug|Any CPU
		{0F8B3D46-A134-485F-86C5-CC651D54A79A}.Release|Any CPU.ActiveCfg = Release|Any CPU
		{0F8B3D46-A134-485F-86C5-CC651D54A79A}.Release|Any CPU.Build.0 = Release|Any CPU
		{5D463BA4-4294-45CE-AEE2-DCEF014BD9BC}.Debug|Any CPU.ActiveCfg = Debug|Any CPU
		{5D463BA4-4294-45CE-AEE2-DCEF014BD9BC}.Debug|Any CPU.Build.0 = Debug|Any CPU
		{5D463BA4-4294-45CE-AEE2-DCEF014BD9BC}.Release|Any CPU.ActiveCfg = Release|Any CPU
		{5D463BA4-4294-45CE-AEE2-DCEF014BD9BC}.Release|Any CPU.Build.0 = Release|Any CPU
		{38426EB2-D6D7-469A-B105-CE40BF9A421C}.Debug|Any CPU.ActiveCfg = Debug|Any CPU
		{38426EB2-D6D7-469A-B105-CE40BF9A421C}.Debug|Any CPU.Build.0 = Debug|Any CPU
		{38426EB2-D6D7-469A-B105-CE40BF9A421C}.Release|Any CPU.ActiveCfg = Release|Any CPU
		{38426EB2-D6D7-469A-B105-CE40BF9A421C}.Release|Any CPU.Build.0 = Release|Any CPU
		{B5A54B87-0801-4302-8668-E7AFA9D6CA2B}.Debug|Any CPU.ActiveCfg = Debug|Any CPU
		{B5A54B87-0801-4302-8668-E7AFA9D6CA2B}.Debug|Any CPU.Build.0 = Debug|Any CPU
		{B5A54B87-0801-4302-8668-E7AFA9D6CA2B}.Release|Any CPU.ActiveCfg = Release|Any CPU
		{B5A54B87-0801-4302-8668-E7AFA9D6CA2B}.Release|Any CPU.Build.0 = Release|Any CPU
		{8F699816-F1EF-411F-AEDF-0894D4362A93}.Debug|Any CPU.ActiveCfg = Debug|Any CPU
		{8F699816-F1EF-411F-AEDF-0894D4362A93}.Debug|Any CPU.Build.0 = Debug|Any CPU
		{8F699816-F1EF-411F-AEDF-0894D4362A93}.Release|Any CPU.ActiveCfg = Release|Any CPU
		{8F699816-F1EF-411F-AEDF-0894D4362A93}.Release|Any CPU.Build.0 = Release|Any CPU
		{D31AB9AF-B181-4E62-AEBF-7ABA3D51CFB4}.Debug|Any CPU.ActiveCfg = Debug|Any CPU
		{D31AB9AF-B181-4E62-AEBF-7ABA3D51CFB4}.Debug|Any CPU.Build.0 = Debug|Any CPU
		{D31AB9AF-B181-4E62-AEBF-7ABA3D51CFB4}.Release|Any CPU.ActiveCfg = Release|Any CPU
		{D31AB9AF-B181-4E62-AEBF-7ABA3D51CFB4}.Release|Any CPU.Build.0 = Release|Any CPU
		{87728036-02C8-4B00-A505-C4D12643E94B}.Debug|Any CPU.ActiveCfg = Debug|Any CPU
		{87728036-02C8-4B00-A505-C4D12643E94B}.Debug|Any CPU.Build.0 = Debug|Any CPU
		{87728036-02C8-4B00-A505-C4D12643E94B}.Release|Any CPU.ActiveCfg = Release|Any CPU
		{87728036-02C8-4B00-A505-C4D12643E94B}.Release|Any CPU.Build.0 = Release|Any CPU
	EndGlobalSection
	GlobalSection(SolutionProperties) = preSolution
		HideSolutionNode = FALSE
	EndGlobalSection
	GlobalSection(NestedProjects) = preSolution
		{9B9A7993-E86E-4432-90C2-2D67F6BFEE81} = {27F3570D-4991-477A-80C1-3F929345DB0F}
		{1C02570D-BA3B-4BED-8F0C-9F8CE8E00ED9} = {27F3570D-4991-477A-80C1-3F929345DB0F}
		{8C88F6F1-CDD0-464E-ACA7-0A4319E74624} = {27F3570D-4991-477A-80C1-3F929345DB0F}
		{C2FE3B2D-2B99-44D1-A813-23F5EFBE0287} = {87E64EE4-8FCB-41EE-923A-817BCF945FA1}
		{A1BF0BC7-46AE-42BD-9AC5-A7EFD300ACD8} = {87E64EE4-8FCB-41EE-923A-817BCF945FA1}
		{B6FBDB94-767E-4D91-BC1F-92B91C219448} = {87E64EE4-8FCB-41EE-923A-817BCF945FA1}
		{E0671C7E-CDB2-479F-9834-1B1CFABA5E02} = {6F97C62F-FBAD-4529-B93C-4468C94C6776}
		{2E0A6B5C-5E89-45C1-8793-D2CA88BB0110} = {6F97C62F-FBAD-4529-B93C-4468C94C6776}
		{5E525385-6581-456C-84EC-A48B4B169778} = {6F97C62F-FBAD-4529-B93C-4468C94C6776}
		{796FCFBF-6AB5-4464-BDDC-CDC96F04AFAC} = {3D902F5B-1AE4-47A1-9749-1735E9311611}
		{ED261656-7C3D-42F3-B559-E464D810817B} = {3D902F5B-1AE4-47A1-9749-1735E9311611}
		{0066D63F-728E-4A30-926E-7D8BB6F93803} = {3D902F5B-1AE4-47A1-9749-1735E9311611}
		{6046BA9B-18B3-41F7-BADD-FDC3A0270A95} = {33971A67-1694-4E06-A854-1DD2A7C6FE72}
		{1C245FA3-5BAC-4A41-B7AD-F33B1B953861} = {33971A67-1694-4E06-A854-1DD2A7C6FE72}
		{0F8B3D46-A134-485F-86C5-CC651D54A79A} = {33971A67-1694-4E06-A854-1DD2A7C6FE72}
		{5D463BA4-4294-45CE-AEE2-DCEF014BD9BC} = {F4F08E56-6ED9-4ADE-AC58-5C8F1CAFB1A0}
		{38426EB2-D6D7-469A-B105-CE40BF9A421C} = {F4F08E56-6ED9-4ADE-AC58-5C8F1CAFB1A0}
		{B5A54B87-0801-4302-8668-E7AFA9D6CA2B} = {F4F08E56-6ED9-4ADE-AC58-5C8F1CAFB1A0}
		{8F699816-F1EF-411F-AEDF-0894D4362A93} = {554497D4-7BDF-4959-90CD-5AF9F5F90AFA}
		{D31AB9AF-B181-4E62-AEBF-7ABA3D51CFB4} = {554497D4-7BDF-4959-90CD-5AF9F5F90AFA}
		{87728036-02C8-4B00-A505-C4D12643E94B} = {554497D4-7BDF-4959-90CD-5AF9F5F90AFA}
	EndGlobalSection
	GlobalSection(ExtensibilityGlobals) = postSolution
		SolutionGuid = {35A834E5-F9CD-41D5-967D-95B90B39C126}
	EndGlobalSection
EndGlobal
